
Microsoft Visual Studio Solution File, Format Version 12.00
# Visual Studio 2013
VisualStudioVersion = 12.0.40629.0
MinimumVisualStudioVersion = 10.0.40219.1
Project("{FAE04EC0-301F-11D3-BF4B-00C04F79EFBC}") = "WinForms", "EscuelaSimple\WinForms.csproj", "{A43D9890-42F7-4AC1-90C0-37577348B20F}"
EndProject
Project("{2150E333-8FDC-42A3-9474-1A3956D46DE8}") = "Solution Items", "Solution Items", "{F10192A1-CB85-43CD-8D09-4E8DBFF5EA91}"
	ProjectSection(SolutionItems) = preProject
		EscuelaSimple.vsmdi = EscuelaSimple.vsmdi
		Local.testsettings = Local.testsettings
		TraceAndTestImpact.testsettings = TraceAndTestImpact.testsettings
	EndProjectSection
EndProject
Project("{2150E333-8FDC-42A3-9474-1A3956D46DE8}") = "Presentación", "Presentación", "{719A3FA9-02A7-40A4-8750-2BB6148140E4}"
EndProject
Project("{2150E333-8FDC-42A3-9474-1A3956D46DE8}") = "Aplicación", "Aplicación", "{ED0CB144-258F-4EFC-B323-776D0FE14467}"
EndProject
Project("{2150E333-8FDC-42A3-9474-1A3956D46DE8}") = "Servicios", "Servicios", "{584CA39E-A459-44FF-BB30-6BC5DAE4A6B9}"
EndProject
Project("{2150E333-8FDC-42A3-9474-1A3956D46DE8}") = "Fachadas", "Fachadas", "{3FD4436E-0280-432C-915A-DFCDA579F234}"
EndProject
Project("{2150E333-8FDC-42A3-9474-1A3956D46DE8}") = "Entidades", "Entidades", "{B9B6C6FF-EAB6-47D8-A91D-8DD1891E9E27}"
EndProject
Project("{2150E333-8FDC-42A3-9474-1A3956D46DE8}") = "Componentes", "Componentes", "{120F5C28-3B8A-4C5F-8D99-8B5A8F844CD5}"
	ProjectSection(SolutionItems) = preProject
		Leame.txt = Leame.txt
	EndProjectSection
EndProject
Project("{2150E333-8FDC-42A3-9474-1A3956D46DE8}") = "Flujos de trabajo", "Flujos de trabajo", "{C0DDC65A-1CE1-4B6B-9297-0D38D9CDF261}"
EndProject
Project("{2150E333-8FDC-42A3-9474-1A3956D46DE8}") = "Interfaz de Usuario", "Interfaz de Usuario", "{96816C8A-45DB-4F0E-A0FC-3DA57E9A6A02}"
EndProject
Project("{2150E333-8FDC-42A3-9474-1A3956D46DE8}") = "Logica", "Logica", "{F22A94F9-50C0-4125-B7F2-D4507703B686}"
EndProject
Project("{2150E333-8FDC-42A3-9474-1A3956D46DE8}") = "Modelos", "Modelos", "{2AC08146-FC1B-4C9F-8680-EF9B94545FC0}"
EndProject
Project("{2150E333-8FDC-42A3-9474-1A3956D46DE8}") = "Interfaces", "Interfaces", "{631C4331-D910-4162-B978-F28EF710E432}"
EndProject
Project("{2150E333-8FDC-42A3-9474-1A3956D46DE8}") = "Tipos de mensaje", "Tipos de mensaje", "{8B9A6916-8334-4260-97D3-D5ACD97E24BB}"
EndProject
Project("{2150E333-8FDC-42A3-9474-1A3956D46DE8}") = "Datos", "Datos", "{52A0F710-07CC-4619-9BCF-822B1076C438}"
	ProjectSection(SolutionItems) = preProject
		Modelo\db.mdf = Modelo\db.mdf
		Modelo\db_log.ldf = Modelo\db_log.ldf
	EndProjectSection
EndProject
Project("{2150E333-8FDC-42A3-9474-1A3956D46DE8}") = "Acceso", "Acceso", "{540A6441-A353-4E0B-890A-21FDD7E7B5AA}"
EndProject
Project("{2150E333-8FDC-42A3-9474-1A3956D46DE8}") = "Ayudantes y utilitarios", "Ayudantes y utilitarios", "{38D5F970-9556-4A96-A9A4-7EDD6C197974}"
EndProject
Project("{2150E333-8FDC-42A3-9474-1A3956D46DE8}") = "Agentes de servicio", "Agentes de servicio", "{4333196D-D245-46D8-A8AB-F910BF215ECB}"
EndProject
Project("{2150E333-8FDC-42A3-9474-1A3956D46DE8}") = "Transversal", "Transversal", "{6057736B-5B8A-428A-9CE4-755F63F090A0}"
EndProject
Project("{2150E333-8FDC-42A3-9474-1A3956D46DE8}") = "Seguridad", "Seguridad", "{7F5D04F4-C6EF-43FC-96DA-F4FBFECD5785}"
EndProject
Project("{2150E333-8FDC-42A3-9474-1A3956D46DE8}") = "Administración Operacional", "Administración Operacional", "{89296B1C-26ED-44A0-9BA1-84CE9B910E1C}"
EndProject
Project("{2150E333-8FDC-42A3-9474-1A3956D46DE8}") = "Comunicación", "Comunicación", "{28B8F572-C2B2-495F-98C3-B0B05CBCCEB4}"
EndProject
Project("{FAE04EC0-301F-11D3-BF4B-00C04F79EFBC}") = "Presentador", "Presentador\Presentador.csproj", "{78681BBD-8D5C-4690-9275-2E131A875552}"
EndProject
Project("{FAE04EC0-301F-11D3-BF4B-00C04F79EFBC}") = "Dominio", "Aplicación\Entidades\Dominio\Dominio.csproj", "{031BFD86-F311-41C2-BC9A-F625A39CB84F}"
EndProject
Project("{FAE04EC0-301F-11D3-BF4B-00C04F79EFBC}") = "Modelos de la Presentación", "Presentación\Modelos\Modelos de la Presentación\Modelos de la Presentación.csproj", "{840A6F4E-F76C-481D-8FB7-ADB20DF73698}"
EndProject
Project("{FAE04EC0-301F-11D3-BF4B-00C04F79EFBC}") = "Negocio", "Aplicación\Componentes\Negocio\Negocio.csproj", "{60CD96D3-0360-44C5-BBB7-413EFE86AAFA}"
EndProject
Project("{FAE04EC0-301F-11D3-BF4B-00C04F79EFBC}") = "Repositorios", "Datos\Acceso\Repositorios\Repositorios.csproj", "{CE83A605-487C-40CE-B01C-5F0E926BFBCF}"
EndProject
Project("{FAE04EC0-301F-11D3-BF4B-00C04F79EFBC}") = "Repositorios.Pruebas", "Datos\Acceso\Repositorios.Pruebas\Repositorios.Pruebas.csproj", "{32EFF1CF-3326-4DA9-B3A4-EACD79E42294}"
EndProject
Project("{FAE04EC0-301F-11D3-BF4B-00C04F79EFBC}") = "Unidades de trabajo", "Datos\Acceso\Unidades de trabajo\Unidades de trabajo.csproj", "{9FA63C8B-BD4B-427E-AFE5-6156643FA748}"
EndProject
Project("{FAE04EC0-301F-11D3-BF4B-00C04F79EFBC}") = "Envoltorios", "Datos\Ayudantes\Envoltorios\Envoltorios.csproj", "{FF705CA9-30E3-4912-9727-E6C546FEE08E}"
EndProject
Project("{FAE04EC0-301F-11D3-BF4B-00C04F79EFBC}") = "Configuraciones", "Datos\Utilitarios\Configuraciones\Configuraciones.csproj", "{0E2A13ED-FFE7-4B73-A1CA-F59DD64F360B}"
EndProject
Project("{FAE04EC0-301F-11D3-BF4B-00C04F79EFBC}") = "Inicializadores y Semillas", "Datos\Ayudantes\Inicializadores y Semillas\Inicializadores y Semillas.csproj", "{B367B2ED-8691-4E59-B880-DDB0ED730186}"
EndProject
Global
	GlobalSection(SolutionConfigurationPlatforms) = preSolution
		Debug|Any CPU = Debug|Any CPU
		Debug|Mixed Platforms = Debug|Mixed Platforms
		Debug|x86 = Debug|x86
		Release|Any CPU = Release|Any CPU
		Release|Mixed Platforms = Release|Mixed Platforms
		Release|x86 = Release|x86
	EndGlobalSection
	GlobalSection(ProjectConfigurationPlatforms) = postSolution
		{A43D9890-42F7-4AC1-90C0-37577348B20F}.Debug|Any CPU.ActiveCfg = Debug|x86
		{A43D9890-42F7-4AC1-90C0-37577348B20F}.Debug|Mixed Platforms.ActiveCfg = Debug|x86
		{A43D9890-42F7-4AC1-90C0-37577348B20F}.Debug|Mixed Platforms.Build.0 = Debug|x86
		{A43D9890-42F7-4AC1-90C0-37577348B20F}.Debug|x86.ActiveCfg = Debug|x86
		{A43D9890-42F7-4AC1-90C0-37577348B20F}.Debug|x86.Build.0 = Debug|x86
		{A43D9890-42F7-4AC1-90C0-37577348B20F}.Release|Any CPU.ActiveCfg = Release|x86
		{A43D9890-42F7-4AC1-90C0-37577348B20F}.Release|Mixed Platforms.ActiveCfg = Release|x86
		{A43D9890-42F7-4AC1-90C0-37577348B20F}.Release|Mixed Platforms.Build.0 = Release|x86
		{A43D9890-42F7-4AC1-90C0-37577348B20F}.Release|x86.ActiveCfg = Release|x86
		{A43D9890-42F7-4AC1-90C0-37577348B20F}.Release|x86.Build.0 = Release|x86
		{78681BBD-8D5C-4690-9275-2E131A875552}.Debug|Any CPU.ActiveCfg = Debug|Any CPU
		{78681BBD-8D5C-4690-9275-2E131A875552}.Debug|Any CPU.Build.0 = Debug|Any CPU
		{78681BBD-8D5C-4690-9275-2E131A875552}.Debug|Mixed Platforms.ActiveCfg = Debug|Any CPU
		{78681BBD-8D5C-4690-9275-2E131A875552}.Debug|Mixed Platforms.Build.0 = Debug|Any CPU
		{78681BBD-8D5C-4690-9275-2E131A875552}.Debug|x86.ActiveCfg = Debug|Any CPU
		{78681BBD-8D5C-4690-9275-2E131A875552}.Release|Any CPU.ActiveCfg = Release|Any CPU
		{78681BBD-8D5C-4690-9275-2E131A875552}.Release|Any CPU.Build.0 = Release|Any CPU
		{78681BBD-8D5C-4690-9275-2E131A875552}.Release|Mixed Platforms.ActiveCfg = Release|Any CPU
		{78681BBD-8D5C-4690-9275-2E131A875552}.Release|Mixed Platforms.Build.0 = Release|Any CPU
		{78681BBD-8D5C-4690-9275-2E131A875552}.Release|x86.ActiveCfg = Release|Any CPU
		{031BFD86-F311-41C2-BC9A-F625A39CB84F}.Debug|Any CPU.ActiveCfg = Debug|Any CPU
		{031BFD86-F311-41C2-BC9A-F625A39CB84F}.Debug|Any CPU.Build.0 = Debug|Any CPU
		{031BFD86-F311-41C2-BC9A-F625A39CB84F}.Debug|Mixed Platforms.ActiveCfg = Debug|Any CPU
		{031BFD86-F311-41C2-BC9A-F625A39CB84F}.Debug|Mixed Platforms.Build.0 = Debug|Any CPU
		{031BFD86-F311-41C2-BC9A-F625A39CB84F}.Debug|x86.ActiveCfg = Debug|Any CPU
		{031BFD86-F311-41C2-BC9A-F625A39CB84F}.Release|Any CPU.ActiveCfg = Release|Any CPU
		{031BFD86-F311-41C2-BC9A-F625A39CB84F}.Release|Any CPU.Build.0 = Release|Any CPU
		{031BFD86-F311-41C2-BC9A-F625A39CB84F}.Release|Mixed Platforms.ActiveCfg = Release|Any CPU
		{031BFD86-F311-41C2-BC9A-F625A39CB84F}.Release|Mixed Platforms.Build.0 = Release|Any CPU
		{031BFD86-F311-41C2-BC9A-F625A39CB84F}.Release|x86.ActiveCfg = Release|Any CPU
		{840A6F4E-F76C-481D-8FB7-ADB20DF73698}.Debug|Any CPU.ActiveCfg = Debug|Any CPU
		{840A6F4E-F76C-481D-8FB7-ADB20DF73698}.Debug|Any CPU.Build.0 = Debug|Any CPU
		{840A6F4E-F76C-481D-8FB7-ADB20DF73698}.Debug|Mixed Platforms.ActiveCfg = Debug|Any CPU
		{840A6F4E-F76C-481D-8FB7-ADB20DF73698}.Debug|Mixed Platforms.Build.0 = Debug|Any CPU
		{840A6F4E-F76C-481D-8FB7-ADB20DF73698}.Debug|x86.ActiveCfg = Debug|Any CPU
		{840A6F4E-F76C-481D-8FB7-ADB20DF73698}.Release|Any CPU.ActiveCfg = Release|Any CPU
		{840A6F4E-F76C-481D-8FB7-ADB20DF73698}.Release|Any CPU.Build.0 = Release|Any CPU
		{840A6F4E-F76C-481D-8FB7-ADB20DF73698}.Release|Mixed Platforms.ActiveCfg = Release|Any CPU
		{840A6F4E-F76C-481D-8FB7-ADB20DF73698}.Release|Mixed Platforms.Build.0 = Release|Any CPU
		{840A6F4E-F76C-481D-8FB7-ADB20DF73698}.Release|x86.ActiveCfg = Release|Any CPU
		{60CD96D3-0360-44C5-BBB7-413EFE86AAFA}.Debug|Any CPU.ActiveCfg = Debug|Any CPU
		{60CD96D3-0360-44C5-BBB7-413EFE86AAFA}.Debug|Any CPU.Build.0 = Debug|Any CPU
		{60CD96D3-0360-44C5-BBB7-413EFE86AAFA}.Debug|Mixed Platforms.ActiveCfg = Debug|Any CPU
		{60CD96D3-0360-44C5-BBB7-413EFE86AAFA}.Debug|Mixed Platforms.Build.0 = Debug|Any CPU
		{60CD96D3-0360-44C5-BBB7-413EFE86AAFA}.Debug|x86.ActiveCfg = Debug|Any CPU
		{60CD96D3-0360-44C5-BBB7-413EFE86AAFA}.Release|Any CPU.ActiveCfg = Release|Any CPU
		{60CD96D3-0360-44C5-BBB7-413EFE86AAFA}.Release|Any CPU.Build.0 = Release|Any CPU
		{60CD96D3-0360-44C5-BBB7-413EFE86AAFA}.Release|Mixed Platforms.ActiveCfg = Release|Any CPU
		{60CD96D3-0360-44C5-BBB7-413EFE86AAFA}.Release|Mixed Platforms.Build.0 = Release|Any CPU
		{60CD96D3-0360-44C5-BBB7-413EFE86AAFA}.Release|x86.ActiveCfg = Release|Any CPU
		{CE83A605-487C-40CE-B01C-5F0E926BFBCF}.Debug|Any CPU.ActiveCfg = Debug|Any CPU
		{CE83A605-487C-40CE-B01C-5F0E926BFBCF}.Debug|Any CPU.Build.0 = Debug|Any CPU
		{CE83A605-487C-40CE-B01C-5F0E926BFBCF}.Debug|Mixed Platforms.ActiveCfg = Debug|Any CPU
		{CE83A605-487C-40CE-B01C-5F0E926BFBCF}.Debug|Mixed Platforms.Build.0 = Debug|Any CPU
		{CE83A605-487C-40CE-B01C-5F0E926BFBCF}.Debug|x86.ActiveCfg = Debug|Any CPU
		{CE83A605-487C-40CE-B01C-5F0E926BFBCF}.Release|Any CPU.ActiveCfg = Release|Any CPU
		{CE83A605-487C-40CE-B01C-5F0E926BFBCF}.Release|Any CPU.Build.0 = Release|Any CPU
		{CE83A605-487C-40CE-B01C-5F0E926BFBCF}.Release|Mixed Platforms.ActiveCfg = Release|Any CPU
		{CE83A605-487C-40CE-B01C-5F0E926BFBCF}.Release|Mixed Platforms.Build.0 = Release|Any CPU
		{CE83A605-487C-40CE-B01C-5F0E926BFBCF}.Release|x86.ActiveCfg = Release|Any CPU
		{32EFF1CF-3326-4DA9-B3A4-EACD79E42294}.Debug|Any CPU.ActiveCfg = Debug|Any CPU
		{32EFF1CF-3326-4DA9-B3A4-EACD79E42294}.Debug|Any CPU.Build.0 = Debug|Any CPU
		{32EFF1CF-3326-4DA9-B3A4-EACD79E42294}.Debug|Mixed Platforms.ActiveCfg = Debug|Any CPU
		{32EFF1CF-3326-4DA9-B3A4-EACD79E42294}.Debug|Mixed Platforms.Build.0 = Debug|Any CPU
		{32EFF1CF-3326-4DA9-B3A4-EACD79E42294}.Debug|x86.ActiveCfg = Debug|Any CPU
		{32EFF1CF-3326-4DA9-B3A4-EACD79E42294}.Release|Any CPU.ActiveCfg = Release|Any CPU
		{32EFF1CF-3326-4DA9-B3A4-EACD79E42294}.Release|Any CPU.Build.0 = Release|Any CPU
		{32EFF1CF-3326-4DA9-B3A4-EACD79E42294}.Release|Mixed Platforms.ActiveCfg = Release|Any CPU
		{32EFF1CF-3326-4DA9-B3A4-EACD79E42294}.Release|Mixed Platforms.Build.0 = Release|Any CPU
		{32EFF1CF-3326-4DA9-B3A4-EACD79E42294}.Release|x86.ActiveCfg = Release|Any CPU
		{9FA63C8B-BD4B-427E-AFE5-6156643FA748}.Debug|Any CPU.ActiveCfg = Debug|Any CPU
		{9FA63C8B-BD4B-427E-AFE5-6156643FA748}.Debug|Any CPU.Build.0 = Debug|Any CPU
		{9FA63C8B-BD4B-427E-AFE5-6156643FA748}.Debug|Mixed Platforms.ActiveCfg = Debug|Any CPU
		{9FA63C8B-BD4B-427E-AFE5-6156643FA748}.Debug|Mixed Platforms.Build.0 = Debug|Any CPU
		{9FA63C8B-BD4B-427E-AFE5-6156643FA748}.Debug|x86.ActiveCfg = Debug|Any CPU
		{9FA63C8B-BD4B-427E-AFE5-6156643FA748}.Release|Any CPU.ActiveCfg = Release|Any CPU
		{9FA63C8B-BD4B-427E-AFE5-6156643FA748}.Release|Any CPU.Build.0 = Release|Any CPU
		{9FA63C8B-BD4B-427E-AFE5-6156643FA748}.Release|Mixed Platforms.ActiveCfg = Release|Any CPU
		{9FA63C8B-BD4B-427E-AFE5-6156643FA748}.Release|Mixed Platforms.Build.0 = Release|Any CPU
		{9FA63C8B-BD4B-427E-AFE5-6156643FA748}.Release|x86.ActiveCfg = Release|Any CPU
		{FF705CA9-30E3-4912-9727-E6C546FEE08E}.Debug|Any CPU.ActiveCfg = Debug|Any CPU
		{FF705CA9-30E3-4912-9727-E6C546FEE08E}.Debug|Any CPU.Build.0 = Debug|Any CPU
		{FF705CA9-30E3-4912-9727-E6C546FEE08E}.Debug|Mixed Platforms.ActiveCfg = Debug|Any CPU
		{FF705CA9-30E3-4912-9727-E6C546FEE08E}.Debug|Mixed Platforms.Build.0 = Debug|Any CPU
		{FF705CA9-30E3-4912-9727-E6C546FEE08E}.Debug|x86.ActiveCfg = Debug|Any CPU
		{FF705CA9-30E3-4912-9727-E6C546FEE08E}.Release|Any CPU.ActiveCfg = Release|Any CPU
		{FF705CA9-30E3-4912-9727-E6C546FEE08E}.Release|Any CPU.Build.0 = Release|Any CPU
		{FF705CA9-30E3-4912-9727-E6C546FEE08E}.Release|Mixed Platforms.ActiveCfg = Release|Any CPU
		{FF705CA9-30E3-4912-9727-E6C546FEE08E}.Release|Mixed Platforms.Build.0 = Release|Any CPU
		{FF705CA9-30E3-4912-9727-E6C546FEE08E}.Release|x86.ActiveCfg = Release|Any CPU
		{0E2A13ED-FFE7-4B73-A1CA-F59DD64F360B}.Debug|Any CPU.ActiveCfg = Debug|Any CPU
		{0E2A13ED-FFE7-4B73-A1CA-F59DD64F360B}.Debug|Any CPU.Build.0 = Debug|Any CPU
		{0E2A13ED-FFE7-4B73-A1CA-F59DD64F360B}.Debug|Mixed Platforms.ActiveCfg = Debug|Any CPU
		{0E2A13ED-FFE7-4B73-A1CA-F59DD64F360B}.Debug|Mixed Platforms.Build.0 = Debug|Any CPU
		{0E2A13ED-FFE7-4B73-A1CA-F59DD64F360B}.Debug|x86.ActiveCfg = Debug|Any CPU
		{0E2A13ED-FFE7-4B73-A1CA-F59DD64F360B}.Release|Any CPU.ActiveCfg = Release|Any CPU
		{0E2A13ED-FFE7-4B73-A1CA-F59DD64F360B}.Release|Any CPU.Build.0 = Release|Any CPU
		{0E2A13ED-FFE7-4B73-A1CA-F59DD64F360B}.Release|Mixed Platforms.ActiveCfg = Release|Any CPU
		{0E2A13ED-FFE7-4B73-A1CA-F59DD64F360B}.Release|Mixed Platforms.Build.0 = Release|Any CPU
		{0E2A13ED-FFE7-4B73-A1CA-F59DD64F360B}.Release|x86.ActiveCfg = Release|Any CPU
		{B367B2ED-8691-4E59-B880-DDB0ED730186}.Debug|Any CPU.ActiveCfg = Debug|Any CPU
		{B367B2ED-8691-4E59-B880-DDB0ED730186}.Debug|Any CPU.Build.0 = Debug|Any CPU
		{B367B2ED-8691-4E59-B880-DDB0ED730186}.Debug|Mixed Platforms.ActiveCfg = Debug|Any CPU
		{B367B2ED-8691-4E59-B880-DDB0ED730186}.Debug|Mixed Platforms.Build.0 = Debug|Any CPU
		{B367B2ED-8691-4E59-B880-DDB0ED730186}.Debug|x86.ActiveCfg = Debug|Any CPU
		{B367B2ED-8691-4E59-B880-DDB0ED730186}.Release|Any CPU.ActiveCfg = Release|Any CPU
		{B367B2ED-8691-4E59-B880-DDB0ED730186}.Release|Any CPU.Build.0 = Release|Any CPU
		{B367B2ED-8691-4E59-B880-DDB0ED730186}.Release|Mixed Platforms.ActiveCfg = Release|Any CPU
		{B367B2ED-8691-4E59-B880-DDB0ED730186}.Release|Mixed Platforms.Build.0 = Release|Any CPU
		{B367B2ED-8691-4E59-B880-DDB0ED730186}.Release|x86.ActiveCfg = Release|Any CPU
	EndGlobalSection
	GlobalSection(SolutionProperties) = preSolution
		HideSolutionNode = FALSE
	EndGlobalSection
	GlobalSection(NestedProjects) = preSolution
		{A43D9890-42F7-4AC1-90C0-37577348B20F} = {96816C8A-45DB-4F0E-A0FC-3DA57E9A6A02}
		{3FD4436E-0280-432C-915A-DFCDA579F234} = {ED0CB144-258F-4EFC-B323-776D0FE14467}
		{B9B6C6FF-EAB6-47D8-A91D-8DD1891E9E27} = {ED0CB144-258F-4EFC-B323-776D0FE14467}
		{120F5C28-3B8A-4C5F-8D99-8B5A8F844CD5} = {ED0CB144-258F-4EFC-B323-776D0FE14467}
		{C0DDC65A-1CE1-4B6B-9297-0D38D9CDF261} = {ED0CB144-258F-4EFC-B323-776D0FE14467}
		{96816C8A-45DB-4F0E-A0FC-3DA57E9A6A02} = {719A3FA9-02A7-40A4-8750-2BB6148140E4}
		{F22A94F9-50C0-4125-B7F2-D4507703B686} = {719A3FA9-02A7-40A4-8750-2BB6148140E4}
		{2AC08146-FC1B-4C9F-8680-EF9B94545FC0} = {719A3FA9-02A7-40A4-8750-2BB6148140E4}
		{631C4331-D910-4162-B978-F28EF710E432} = {584CA39E-A459-44FF-BB30-6BC5DAE4A6B9}
		{8B9A6916-8334-4260-97D3-D5ACD97E24BB} = {584CA39E-A459-44FF-BB30-6BC5DAE4A6B9}
		{540A6441-A353-4E0B-890A-21FDD7E7B5AA} = {52A0F710-07CC-4619-9BCF-822B1076C438}
		{38D5F970-9556-4A96-A9A4-7EDD6C197974} = {52A0F710-07CC-4619-9BCF-822B1076C438}
		{4333196D-D245-46D8-A8AB-F910BF215ECB} = {52A0F710-07CC-4619-9BCF-822B1076C438}
		{7F5D04F4-C6EF-43FC-96DA-F4FBFECD5785} = {6057736B-5B8A-428A-9CE4-755F63F090A0}
		{89296B1C-26ED-44A0-9BA1-84CE9B910E1C} = {6057736B-5B8A-428A-9CE4-755F63F090A0}
		{28B8F572-C2B2-495F-98C3-B0B05CBCCEB4} = {6057736B-5B8A-428A-9CE4-755F63F090A0}
		{78681BBD-8D5C-4690-9275-2E131A875552} = {F22A94F9-50C0-4125-B7F2-D4507703B686}
		{031BFD86-F311-41C2-BC9A-F625A39CB84F} = {B9B6C6FF-EAB6-47D8-A91D-8DD1891E9E27}
		{840A6F4E-F76C-481D-8FB7-ADB20DF73698} = {2AC08146-FC1B-4C9F-8680-EF9B94545FC0}
		{60CD96D3-0360-44C5-BBB7-413EFE86AAFA} = {120F5C28-3B8A-4C5F-8D99-8B5A8F844CD5}
		{CE83A605-487C-40CE-B01C-5F0E926BFBCF} = {540A6441-A353-4E0B-890A-21FDD7E7B5AA}
		{32EFF1CF-3326-4DA9-B3A4-EACD79E42294} = {540A6441-A353-4E0B-890A-21FDD7E7B5AA}
		{9FA63C8B-BD4B-427E-AFE5-6156643FA748} = {540A6441-A353-4E0B-890A-21FDD7E7B5AA}
		{FF705CA9-30E3-4912-9727-E6C546FEE08E} = {38D5F970-9556-4A96-A9A4-7EDD6C197974}
		{0E2A13ED-FFE7-4B73-A1CA-F59DD64F360B} = {38D5F970-9556-4A96-A9A4-7EDD6C197974}
		{B367B2ED-8691-4E59-B880-DDB0ED730186} = {38D5F970-9556-4A96-A9A4-7EDD6C197974}
	EndGlobalSection
	GlobalSection(SubversionScc) = preSolution
		Svn-Managed = True
		Manager = AnkhSVN - Subversion Support for Visual Studio
	EndGlobalSection
	GlobalSection(TestCaseManagementSettings) = postSolution
		CategoryFile = EscuelaSimple.vsmdi
	EndGlobalSection
EndGlobal
